
Microsoft Visual Studio Solution File, Format Version 12.00
# Visual Studio Version 17
VisualStudioVersion = 17.4.33213.308
MinimumVisualStudioVersion = 10.0.40219.1
Project("{9A19103F-16F7-4668-BE54-9A1E7A4F7556}") = "DotnetWorker", "DotnetWorker\DotnetWorker.csproj", "{7C368BBC-7A8E-4D7B-AB8F-4E9850D4A547}"
EndProject
Project("{9A19103F-16F7-4668-BE54-9A1E7A4F7556}") = "Domain", "Domain\Domain.csproj", "{5B872791-0AC3-4A62-9B45-12AA066DEFFE}"
EndProject
Project("{9A19103F-16F7-4668-BE54-9A1E7A4F7556}") = "Service", "Service\Service.csproj", "{B5D94849-021C-4393-942E-AC2EC00FE168}"
EndProject
Project("{9A19103F-16F7-4668-BE54-9A1E7A4F7556}") = "ServiceBus", "ServiceBus\ServiceBus.csproj", "{2BB56A12-D570-452C-A3D7-5E8DCAECA8B2}"
EndProject
Project("{FAE04EC0-301F-11D3-BF4B-00C04F79EFBC}") = "Infra", "Infra\Infra.csproj", "{EF9B75D3-5555-4553-823F-F27AC9910866}"
EndProject
Global
	GlobalSection(SolutionConfigurationPlatforms) = preSolution
		Debug|Any CPU = Debug|Any CPU
		Release|Any CPU = Release|Any CPU
	EndGlobalSection
	GlobalSection(ProjectConfigurationPlatforms) = postSolution
		{7C368BBC-7A8E-4D7B-AB8F-4E9850D4A547}.Debug|Any CPU.ActiveCfg = Debug|Any CPU
		{7C368BBC-7A8E-4D7B-AB8F-4E9850D4A547}.Debug|Any CPU.Build.0 = Debug|Any CPU
		{7C368BBC-7A8E-4D7B-AB8F-4E9850D4A547}.Release|Any CPU.ActiveCfg = Release|Any CPU
		{7C368BBC-7A8E-4D7B-AB8F-4E9850D4A547}.Release|Any CPU.Build.0 = Release|Any CPU
		{5B872791-0AC3-4A62-9B45-12AA066DEFFE}.Debug|Any CPU.ActiveCfg = Debug|Any CPU
		{5B872791-0AC3-4A62-9B45-12AA066DEFFE}.Debug|Any CPU.Build.0 = Debug|Any CPU
		{5B872791-0AC3-4A62-9B45-12AA066DEFFE}.Release|Any CPU.ActiveCfg = Release|Any CPU
		{5B872791-0AC3-4A62-9B45-12AA066DEFFE}.Release|Any CPU.Build.0 = Release|Any CPU
		{B5D94849-021C-4393-942E-AC2EC00FE168}.Debug|Any CPU.ActiveCfg = Debug|Any CPU
		{B5D94849-021C-4393-942E-AC2EC00FE168}.Debug|Any CPU.Build.0 = Debug|Any CPU
		{B5D94849-021C-4393-942E-AC2EC00FE168}.Release|Any CPU.ActiveCfg = Release|Any CPU
		{B5D94849-021C-4393-942E-AC2EC00FE168}.Release|Any CPU.Build.0 = Release|Any CPU
		{2BB56A12-D570-452C-A3D7-5E8DCAECA8B2}.Debug|Any CPU.ActiveCfg = Debug|Any CPU
		{2BB56A12-D570-452C-A3D7-5E8DCAECA8B2}.Debug|Any CPU.Build.0 = Debug|Any CPU
		{2BB56A12-D570-452C-A3D7-5E8DCAECA8B2}.Release|Any CPU.ActiveCfg = Release|Any CPU
		{2BB56A12-D570-452C-A3D7-5E8DCAECA8B2}.Release|Any CPU.Build.0 = Release|Any CPU
		{EF9B75D3-5555-4553-823F-F27AC9910866}.Debug|Any CPU.ActiveCfg = Debug|Any CPU
		{EF9B75D3-5555-4553-823F-F27AC9910866}.Debug|Any CPU.Build.0 = Debug|Any CPU
		{EF9B75D3-5555-4553-823F-F27AC9910866}.Release|Any CPU.ActiveCfg = Release|Any CPU
		{EF9B75D3-5555-4553-823F-F27AC9910866}.Release|Any CPU.Build.0 = Release|Any CPU
	EndGlobalSection
	GlobalSection(SolutionProperties) = preSolution
		HideSolutionNode = FALSE
	EndGlobalSection
	GlobalSection(ExtensibilityGlobals) = postSolution
		SolutionGuid = {30D7FDD3-6D83-42F5-8F81-1E029D9D4E7B}
	EndGlobalSection
EndGlobal
